
Microsoft Visual Studio Solution File, Format Version 12.00
# Visual Studio 15
VisualStudioVersion = 15.0.27130.2036
MinimumVisualStudioVersion = 10.0.40219.1
Project("{9A19103F-16F7-4668-BE54-9A1E7A4F7556}") = "D.Net", "D.Net\D.Net.csproj", "{3FB4B98A-AAED-42CA-BED3-6E1E8AC62B47}"
EndProject
Project("{9A19103F-16F7-4668-BE54-9A1E7A4F7556}") = "D.Net.DB", "D.Net.DB\D.Net.DB.csproj", "{8E0EF9E4-36A9-46FE-9F88-901EFA4715B9}"
EndProject
Project("{2150E333-8FDC-42A3-9474-1A3956D46DE8}") = "Sample", "Sample", "{A8182EC4-C135-4ACE-ACE6-9CA3EE7E86BA}"
EndProject
Global
	GlobalSection(SolutionConfigurationPlatforms) = preSolution
		Debug|Any CPU = Debug|Any CPU
		Release|Any CPU = Release|Any CPU
	EndGlobalSection
	GlobalSection(ProjectConfigurationPlatforms) = postSolution
		{3FB4B98A-AAED-42CA-BED3-6E1E8AC62B47}.Debug|Any CPU.ActiveCfg = Debug|Any CPU
		{3FB4B98A-AAED-42CA-BED3-6E1E8AC62B47}.Debug|Any CPU.Build.0 = Debug|Any CPU
		{3FB4B98A-AAED-42CA-BED3-6E1E8AC62B47}.Release|Any CPU.ActiveCfg = Release|Any CPU
		{3FB4B98A-AAED-42CA-BED3-6E1E8AC62B47}.Release|Any CPU.Build.0 = Release|Any CPU
		{8E0EF9E4-36A9-46FE-9F88-901EFA4715B9}.Debug|Any CPU.ActiveCfg = Debug|Any CPU
		{8E0EF9E4-36A9-46FE-9F88-901EFA4715B9}.Debug|Any CPU.Build.0 = Debug|Any CPU
		{8E0EF9E4-36A9-46FE-9F88-901EFA4715B9}.Release|Any CPU.ActiveCfg = Release|Any CPU
		{8E0EF9E4-36A9-46FE-9F88-901EFA4715B9}.Release|Any CPU.Build.0 = Release|Any CPU
	EndGlobalSection
	GlobalSection(SolutionProperties) = preSolution
		HideSolutionNode = FALSE
	EndGlobalSection
	GlobalSection(ExtensibilityGlobals) = postSolution
		SolutionGuid = {FD19B117-435E-4951-B5C9-5DF5D0DC8727}
	EndGlobalSection
EndGlobal
