
Microsoft Visual Studio Solution File, Format Version 12.00
# Visual Studio 15
VisualStudioVersion = 15.0.27130.2036
MinimumVisualStudioVersion = 10.0.40219.1
Project("{9A19103F-16F7-4668-BE54-9A1E7A4F7556}") = "D.Net", "D.Net\D.Net.csproj", "{3FB4B98A-AAED-42CA-BED3-6E1E8AC62B47}"
EndProject
Project("{9A19103F-16F7-4668-BE54-9A1E7A4F7556}") = "D.Net.DB", "D.Net.DB\D.Net.DB.csproj", "{8E0EF9E4-36A9-46FE-9F88-901EFA4715B9}"
EndProject
Project("{2150E333-8FDC-42A3-9474-1A3956D46DE8}") = "Sample", "Sample", "{52EBC2C2-1494-49BB-871B-163B4875BBA1}"
EndProject
Project("{FAE04EC0-301F-11D3-BF4B-00C04F79EFBC}") = "ConsoleApp1", "Sample\ConsoleApp1\ConsoleApp1.csproj", "{345D1BE3-2108-434E-B14C-D17EEF1E69A9}"
EndProject
Project("{FAE04EC0-301F-11D3-BF4B-00C04F79EFBC}") = "WebApplication1", "Sample\WebApplication1\WebApplication1.csproj", "{0962F9FF-EECF-4978-B126-8CE06DEB6528}"
EndProject
Global
	GlobalSection(SolutionConfigurationPlatforms) = preSolution
		Debug|Any CPU = Debug|Any CPU
		Release|Any CPU = Release|Any CPU
	EndGlobalSection
	GlobalSection(ProjectConfigurationPlatforms) = postSolution
		{3FB4B98A-AAED-42CA-BED3-6E1E8AC62B47}.Debug|Any CPU.ActiveCfg = Debug|Any CPU
		{3FB4B98A-AAED-42CA-BED3-6E1E8AC62B47}.Debug|Any CPU.Build.0 = Debug|Any CPU
		{3FB4B98A-AAED-42CA-BED3-6E1E8AC62B47}.Release|Any CPU.ActiveCfg = Release|Any CPU
		{3FB4B98A-AAED-42CA-BED3-6E1E8AC62B47}.Release|Any CPU.Build.0 = Release|Any CPU
		{8E0EF9E4-36A9-46FE-9F88-901EFA4715B9}.Debug|Any CPU.ActiveCfg = Debug|Any CPU
		{8E0EF9E4-36A9-46FE-9F88-901EFA4715B9}.Debug|Any CPU.Build.0 = Debug|Any CPU
		{8E0EF9E4-36A9-46FE-9F88-901EFA4715B9}.Release|Any CPU.ActiveCfg = Release|Any CPU
		{8E0EF9E4-36A9-46FE-9F88-901EFA4715B9}.Release|Any CPU.Build.0 = Release|Any CPU
		{345D1BE3-2108-434E-B14C-D17EEF1E69A9}.Debug|Any CPU.ActiveCfg = Debug|Any CPU
		{345D1BE3-2108-434E-B14C-D17EEF1E69A9}.Debug|Any CPU.Build.0 = Debug|Any CPU
		{345D1BE3-2108-434E-B14C-D17EEF1E69A9}.Release|Any CPU.ActiveCfg = Release|Any CPU
		{345D1BE3-2108-434E-B14C-D17EEF1E69A9}.Release|Any CPU.Build.0 = Release|Any CPU
		{0962F9FF-EECF-4978-B126-8CE06DEB6528}.Debug|Any CPU.ActiveCfg = Debug|Any CPU
		{0962F9FF-EECF-4978-B126-8CE06DEB6528}.Debug|Any CPU.Build.0 = Debug|Any CPU
		{0962F9FF-EECF-4978-B126-8CE06DEB6528}.Release|Any CPU.ActiveCfg = Release|Any CPU
		{0962F9FF-EECF-4978-B126-8CE06DEB6528}.Release|Any CPU.Build.0 = Release|Any CPU
	EndGlobalSection
	GlobalSection(SolutionProperties) = preSolution
		HideSolutionNode = FALSE
	EndGlobalSection
	GlobalSection(NestedProjects) = preSolution
		{345D1BE3-2108-434E-B14C-D17EEF1E69A9} = {52EBC2C2-1494-49BB-871B-163B4875BBA1}
		{0962F9FF-EECF-4978-B126-8CE06DEB6528} = {52EBC2C2-1494-49BB-871B-163B4875BBA1}
	EndGlobalSection
	GlobalSection(ExtensibilityGlobals) = postSolution
		SolutionGuid = {FD19B117-435E-4951-B5C9-5DF5D0DC8727}
	EndGlobalSection
EndGlobal
